
Microsoft Visual Studio Solution File, Format Version 12.00
# Visual Studio Version 17
VisualStudioVersion = 17.11.35327.3
MinimumVisualStudioVersion = 10.0.40219.1
Project("{FAE04EC0-301F-11D3-BF4B-00C04F79EFBC}") = "Arrays", "Collections\Arrays.csproj", "{804827D0-B233-4AF2-825F-606743521211}"
EndProject
Project("{2150E333-8FDC-42A3-9474-1A3956D46DE8}") = "Itens de Solução", "Itens de Solução", "{96BAE638-E8A2-4D8B-98BB-9663B6D77DAE}"
	ProjectSection(SolutionItems) = preProject
		.gitignore = .gitignore
	EndProjectSection
EndProject
Project("{FAE04EC0-301F-11D3-BF4B-00C04F79EFBC}") = "List", "List\List.csproj", "{A542893F-0778-4536-BE75-7B08EA827403}"
EndProject
Project("{FAE04EC0-301F-11D3-BF4B-00C04F79EFBC}") = "ListaObjetos", "ListaObjetos\ListaObjetos.csproj", "{B0AD4252-05DB-418E-ABDE-E65DEF991E5B}"
EndProject
Project("{FAE04EC0-301F-11D3-BF4B-00C04F79EFBC}") = "ListaSomenteLeitura", "ListaSomenteLeitura\ListaSomenteLeitura.csproj", "{86F5D1BA-903D-4FD8-A44B-1F4833F9BB68}"
EndProject
Project("{FAE04EC0-301F-11D3-BF4B-00C04F79EFBC}") = "Sets", "Sets\Sets.csproj", "{6B642F7C-DD14-4B25-A441-14F5DEDC3136}"
EndProject
Project("{FAE04EC0-301F-11D3-BF4B-00C04F79EFBC}") = "SetsEmModelos", "SetsEmModelos\SetsEmModelos.csproj", "{B18C48B7-E919-47C1-9DF3-F8EE2AADA4C9}"
EndProject
Project("{FAE04EC0-301F-11D3-BF4B-00C04F79EFBC}") = "LinkedList", "LinkedList\LinkedList.csproj", "{C0318058-ED9C-48E8-95D0-3FAED11514B7}"
EndProject
Global
	GlobalSection(SolutionConfigurationPlatforms) = preSolution
		Debug|Any CPU = Debug|Any CPU
		Release|Any CPU = Release|Any CPU
	EndGlobalSection
	GlobalSection(ProjectConfigurationPlatforms) = postSolution
		{804827D0-B233-4AF2-825F-606743521211}.Debug|Any CPU.ActiveCfg = Debug|Any CPU
		{804827D0-B233-4AF2-825F-606743521211}.Debug|Any CPU.Build.0 = Debug|Any CPU
		{804827D0-B233-4AF2-825F-606743521211}.Release|Any CPU.ActiveCfg = Release|Any CPU
		{804827D0-B233-4AF2-825F-606743521211}.Release|Any CPU.Build.0 = Release|Any CPU
		{A542893F-0778-4536-BE75-7B08EA827403}.Debug|Any CPU.ActiveCfg = Debug|Any CPU
		{A542893F-0778-4536-BE75-7B08EA827403}.Debug|Any CPU.Build.0 = Debug|Any CPU
		{A542893F-0778-4536-BE75-7B08EA827403}.Release|Any CPU.ActiveCfg = Release|Any CPU
		{A542893F-0778-4536-BE75-7B08EA827403}.Release|Any CPU.Build.0 = Release|Any CPU
		{B0AD4252-05DB-418E-ABDE-E65DEF991E5B}.Debug|Any CPU.ActiveCfg = Debug|Any CPU
		{B0AD4252-05DB-418E-ABDE-E65DEF991E5B}.Debug|Any CPU.Build.0 = Debug|Any CPU
		{B0AD4252-05DB-418E-ABDE-E65DEF991E5B}.Release|Any CPU.ActiveCfg = Release|Any CPU
		{B0AD4252-05DB-418E-ABDE-E65DEF991E5B}.Release|Any CPU.Build.0 = Release|Any CPU
		{86F5D1BA-903D-4FD8-A44B-1F4833F9BB68}.Debug|Any CPU.ActiveCfg = Debug|Any CPU
		{86F5D1BA-903D-4FD8-A44B-1F4833F9BB68}.Debug|Any CPU.Build.0 = Debug|Any CPU
		{86F5D1BA-903D-4FD8-A44B-1F4833F9BB68}.Release|Any CPU.ActiveCfg = Release|Any CPU
		{86F5D1BA-903D-4FD8-A44B-1F4833F9BB68}.Release|Any CPU.Build.0 = Release|Any CPU
		{6B642F7C-DD14-4B25-A441-14F5DEDC3136}.Debug|Any CPU.ActiveCfg = Debug|Any CPU
		{6B642F7C-DD14-4B25-A441-14F5DEDC3136}.Debug|Any CPU.Build.0 = Debug|Any CPU
		{6B642F7C-DD14-4B25-A441-14F5DEDC3136}.Release|Any CPU.ActiveCfg = Release|Any CPU
		{6B642F7C-DD14-4B25-A441-14F5DEDC3136}.Release|Any CPU.Build.0 = Release|Any CPU
		{B18C48B7-E919-47C1-9DF3-F8EE2AADA4C9}.Debug|Any CPU.ActiveCfg = Debug|Any CPU
		{B18C48B7-E919-47C1-9DF3-F8EE2AADA4C9}.Debug|Any CPU.Build.0 = Debug|Any CPU
		{B18C48B7-E919-47C1-9DF3-F8EE2AADA4C9}.Release|Any CPU.ActiveCfg = Release|Any CPU
		{B18C48B7-E919-47C1-9DF3-F8EE2AADA4C9}.Release|Any CPU.Build.0 = Release|Any CPU
		{C0318058-ED9C-48E8-95D0-3FAED11514B7}.Debug|Any CPU.ActiveCfg = Debug|Any CPU
		{C0318058-ED9C-48E8-95D0-3FAED11514B7}.Debug|Any CPU.Build.0 = Debug|Any CPU
		{C0318058-ED9C-48E8-95D0-3FAED11514B7}.Release|Any CPU.ActiveCfg = Release|Any CPU
		{C0318058-ED9C-48E8-95D0-3FAED11514B7}.Release|Any CPU.Build.0 = Release|Any CPU
	EndGlobalSection
	GlobalSection(SolutionProperties) = preSolution
		HideSolutionNode = FALSE
	EndGlobalSection
	GlobalSection(ExtensibilityGlobals) = postSolution
		SolutionGuid = {52EEEF2B-E930-40D3-A0C2-35058BE139CC}
	EndGlobalSection
EndGlobal
