
Microsoft Visual Studio Solution File, Format Version 12.00
# Visual Studio Version 17
VisualStudioVersion = 17.11.35327.3
MinimumVisualStudioVersion = 10.0.40219.1
Project("{FAE04EC0-301F-11D3-BF4B-00C04F79EFBC}") = "Collections", "Collections\Collections.csproj", "{804827D0-B233-4AF2-825F-606743521211}"
EndProject
Global
	GlobalSection(SolutionConfigurationPlatforms) = preSolution
		Debug|Any CPU = Debug|Any CPU
		Release|Any CPU = Release|Any CPU
	EndGlobalSection
	GlobalSection(ProjectConfigurationPlatforms) = postSolution
		{804827D0-B233-4AF2-825F-606743521211}.Debug|Any CPU.ActiveCfg = Debug|Any CPU
		{804827D0-B233-4AF2-825F-606743521211}.Debug|Any CPU.Build.0 = Debug|Any CPU
		{804827D0-B233-4AF2-825F-606743521211}.Release|Any CPU.ActiveCfg = Release|Any CPU
		{804827D0-B233-4AF2-825F-606743521211}.Release|Any CPU.Build.0 = Release|Any CPU
	EndGlobalSection
	GlobalSection(SolutionProperties) = preSolution
		HideSolutionNode = FALSE
	EndGlobalSection
	GlobalSection(ExtensibilityGlobals) = postSolution
		SolutionGuid = {52EEEF2B-E930-40D3-A0C2-35058BE139CC}
	EndGlobalSection
EndGlobal
